{
  "originHash" : "65410ac97532d15ffd214826fada2bfab69e02f1f67daef8bebbd9b5ded0a4e5",
  "pins" : [
    {
      "identity" : "camera",
      "kind" : "remoteSourceControl",
      "location" : "https://github.com/Mijick/Camera.git",
      "state" : {
        "revision" : "0f02348fcc8fbbc9224c7fbf444f182dc25d0b40",
        "version" : "3.0.3"
      }
    },
    {
      "identity" : "convex-swift",
      "kind" : "remoteSourceControl",
      "location" : "https://github.com/get-convex/convex-swift.git",
      "state" : {
        "revision" : "6a87b8a74bf8c9d36f205558bf6eff90fbd36673",
        "version" : "0.7.0"
      }
    },
    {
      "identity" : "timer",
      "kind" : "remoteSourceControl",
      "location" : "https://github.com/Mijick/Timer",
      "state" : {
        "revision" : "342371c33c3f084d82a4818447ba77d858064c85",
        "version" : "2.0.0"
      }
    }
  ],
  "version" : 3
}
